// !$*UTF8*$!
{
	archiveVersion = 1;
	classes = {
	};
	objectVersion = 46;
	objects = {

/* Begin PBXBuildFile section */
		1551331780B5B1AEC99AE2D3 /* Pods_Twitter_Tool.framework in Frameworks */ = {isa = PBXBuildFile; fileRef = D0F621A9C05097AA84EC08A7 /* Pods_Twitter_Tool.framework */; };
		911864FA1DC06A3500F8942B /* AppDelegate.swift in Sources */ = {isa = PBXBuildFile; fileRef = 911864F91DC06A3500F8942B /* AppDelegate.swift */; };
		911864FF1DC06A3500F8942B /* Main.storyboard in Resources */ = {isa = PBXBuildFile; fileRef = 911864FD1DC06A3500F8942B /* Main.storyboard */; };
		911865011DC06A3500F8942B /* Assets.xcassets in Resources */ = {isa = PBXBuildFile; fileRef = 911865001DC06A3500F8942B /* Assets.xcassets */; };
		911865041DC06A3500F8942B /* LaunchScreen.storyboard in Resources */ = {isa = PBXBuildFile; fileRef = 911865021DC06A3500F8942B /* LaunchScreen.storyboard */; };
		912499051DCA076100112028 /* TweetsViewController.swift in Sources */ = {isa = PBXBuildFile; fileRef = 912499041DCA076100112028 /* TweetsViewController.swift */; };
		9136F5581DC82802006F9B43 /* User.swift in Sources */ = {isa = PBXBuildFile; fileRef = 9136F5571DC82802006F9B43 /* User.swift */; };
		9136F55A1DC82B97006F9B43 /* Tweet.swift in Sources */ = {isa = PBXBuildFile; fileRef = 9136F5591DC82B97006F9B43 /* Tweet.swift */; };
		9136F55D1DC8321A006F9B43 /* TwitterClient.swift in Sources */ = {isa = PBXBuildFile; fileRef = 9136F55C1DC8321A006F9B43 /* TwitterClient.swift */; };
		918A41411DCA96DB00A59B38 /* TweetCell.swift in Sources */ = {isa = PBXBuildFile; fileRef = 918A41401DCA96DB00A59B38 /* TweetCell.swift */; };
		91A2F3AE1DCAD8C9003B8240 /* TweetDetailViewController.swift in Sources */ = {isa = PBXBuildFile; fileRef = 91A2F3AD1DCAD8C9003B8240 /* TweetDetailViewController.swift */; };
		91A56CF91DCEE89200AC611E /* HamburgerViewController.swift in Sources */ = {isa = PBXBuildFile; fileRef = 91A56CF81DCEE89200AC611E /* HamburgerViewController.swift */; };
		91A56CFB1DCEEB0000AC611E /* MenuViewController.swift in Sources */ = {isa = PBXBuildFile; fileRef = 91A56CFA1DCEEB0000AC611E /* MenuViewController.swift */; };
		91A56CFD1DCEEBC400AC611E /* ProfileViewController.swift in Sources */ = {isa = PBXBuildFile; fileRef = 91A56CFC1DCEEBC400AC611E /* ProfileViewController.swift */; };
		91A56CFF1DCEEBD700AC611E /* MentionsViewController.swift in Sources */ = {isa = PBXBuildFile; fileRef = 91A56CFE1DCEEBD700AC611E /* MentionsViewController.swift */; };
		91A56D031DCEEE4700AC611E /* MenuCell.swift in Sources */ = {isa = PBXBuildFile; fileRef = 91A56D021DCEEE4700AC611E /* MenuCell.swift */; };
		91CD9C231DCB10AC006292DA /* ComposeViewController.swift in Sources */ = {isa = PBXBuildFile; fileRef = 91CD9C221DCB10AC006292DA /* ComposeViewController.swift */; };
		91D583741DC06EF200171C0E /* LoginViewController.swift in Sources */ = {isa = PBXBuildFile; fileRef = 91D583731DC06EF200171C0E /* LoginViewController.swift */; };
/* End PBXBuildFile section */

/* Begin PBXFileReference section */
		1A4A7EE251BFA4E2AF4D2240 /* Pods-Twitter-Tool.debug.xcconfig */ = {isa = PBXFileReference; includeInIndex = 1; lastKnownFileType = text.xcconfig; name = "Pods-Twitter-Tool.debug.xcconfig"; path = "Pods/Target Support Files/Pods-Twitter-Tool/Pods-Twitter-Tool.debug.xcconfig"; sourceTree = "<group>"; };
		694249B8A05815703139C557 /* Pods-Twitter-Tool.release.xcconfig */ = {isa = PBXFileReference; includeInIndex = 1; lastKnownFileType = text.xcconfig; name = "Pods-Twitter-Tool.release.xcconfig"; path = "Pods/Target Support Files/Pods-Twitter-Tool/Pods-Twitter-Tool.release.xcconfig"; sourceTree = "<group>"; };
		911864F61DC06A3500F8942B /* Twitter-Tool.app */ = {isa = PBXFileReference; explicitFileType = wrapper.application; includeInIndex = 0; path = "Twitter-Tool.app"; sourceTree = BUILT_PRODUCTS_DIR; };
		911864F91DC06A3500F8942B /* AppDelegate.swift */ = {isa = PBXFileReference; lastKnownFileType = sourcecode.swift; path = AppDelegate.swift; sourceTree = "<group>"; };
		911864FE1DC06A3500F8942B /* Base */ = {isa = PBXFileReference; lastKnownFileType = file.storyboard; name = Base; path = Base.lproj/Main.storyboard; sourceTree = "<group>"; };
		911865001DC06A3500F8942B /* Assets.xcassets */ = {isa = PBXFileReference; lastKnownFileType = folder.assetcatalog; path = Assets.xcassets; sourceTree = "<group>"; };
		911865031DC06A3500F8942B /* Base */ = {isa = PBXFileReference; lastKnownFileType = file.storyboard; name = Base; path = Base.lproj/LaunchScreen.storyboard; sourceTree = "<group>"; };
		911865051DC06A3500F8942B /* Info.plist */ = {isa = PBXFileReference; lastKnownFileType = text.plist.xml; path = Info.plist; sourceTree = "<group>"; };
		912499041DCA076100112028 /* TweetsViewController.swift */ = {isa = PBXFileReference; fileEncoding = 4; lastKnownFileType = sourcecode.swift; path = TweetsViewController.swift; sourceTree = "<group>"; };
		9136F5571DC82802006F9B43 /* User.swift */ = {isa = PBXFileReference; fileEncoding = 4; lastKnownFileType = sourcecode.swift; path = User.swift; sourceTree = "<group>"; };
		9136F5591DC82B97006F9B43 /* Tweet.swift */ = {isa = PBXFileReference; fileEncoding = 4; lastKnownFileType = sourcecode.swift; path = Tweet.swift; sourceTree = "<group>"; };
		9136F55C1DC8321A006F9B43 /* TwitterClient.swift */ = {isa = PBXFileReference; fileEncoding = 4; lastKnownFileType = sourcecode.swift; path = TwitterClient.swift; sourceTree = "<group>"; };
		9136F55E1DC86980006F9B43 /* Twitter-Tool.entitlements */ = {isa = PBXFileReference; lastKnownFileType = text.plist.entitlements; path = "Twitter-Tool.entitlements"; sourceTree = "<group>"; };
		918A41401DCA96DB00A59B38 /* TweetCell.swift */ = {isa = PBXFileReference; fileEncoding = 4; lastKnownFileType = sourcecode.swift; path = TweetCell.swift; sourceTree = "<group>"; };
		91A2F3AD1DCAD8C9003B8240 /* TweetDetailViewController.swift */ = {isa = PBXFileReference; fileEncoding = 4; lastKnownFileType = sourcecode.swift; path = TweetDetailViewController.swift; sourceTree = "<group>"; };
		91A56CF81DCEE89200AC611E /* HamburgerViewController.swift */ = {isa = PBXFileReference; fileEncoding = 4; lastKnownFileType = sourcecode.swift; path = HamburgerViewController.swift; sourceTree = "<group>"; };
		91A56CFA1DCEEB0000AC611E /* MenuViewController.swift */ = {isa = PBXFileReference; fileEncoding = 4; lastKnownFileType = sourcecode.swift; path = MenuViewController.swift; sourceTree = "<group>"; };
		91A56CFC1DCEEBC400AC611E /* ProfileViewController.swift */ = {isa = PBXFileReference; fileEncoding = 4; lastKnownFileType = sourcecode.swift; path = ProfileViewController.swift; sourceTree = "<group>"; };
		91A56CFE1DCEEBD700AC611E /* MentionsViewController.swift */ = {isa = PBXFileReference; fileEncoding = 4; lastKnownFileType = sourcecode.swift; path = MentionsViewController.swift; sourceTree = "<group>"; };
		91A56D021DCEEE4700AC611E /* MenuCell.swift */ = {isa = PBXFileReference; fileEncoding = 4; lastKnownFileType = sourcecode.swift; path = MenuCell.swift; sourceTree = "<group>"; };
		91CD9C221DCB10AC006292DA /* ComposeViewController.swift */ = {isa = PBXFileReference; fileEncoding = 4; lastKnownFileType = sourcecode.swift; path = ComposeViewController.swift; sourceTree = "<group>"; };
		91D583731DC06EF200171C0E /* LoginViewController.swift */ = {isa = PBXFileReference; fileEncoding = 4; lastKnownFileType = sourcecode.swift; path = LoginViewController.swift; sourceTree = "<group>"; };
		D0F621A9C05097AA84EC08A7 /* Pods_Twitter_Tool.framework */ = {isa = PBXFileReference; explicitFileType = wrapper.framework; includeInIndex = 0; path = Pods_Twitter_Tool.framework; sourceTree = BUILT_PRODUCTS_DIR; };
/* End PBXFileReference section */

/* Begin PBXFrameworksBuildPhase section */
		911864F31DC06A3500F8942B /* Frameworks */ = {
			isa = PBXFrameworksBuildPhase;
			buildActionMask = 2147483647;
			files = (
				1551331780B5B1AEC99AE2D3 /* Pods_Twitter_Tool.framework in Frameworks */,
			);
			runOnlyForDeploymentPostprocessing = 0;
		};
/* End PBXFrameworksBuildPhase section */

/* Begin PBXGroup section */
		8D04D79C88CCCCBF7B2631BC /* Pods */ = {
			isa = PBXGroup;
			children = (
				1A4A7EE251BFA4E2AF4D2240 /* Pods-Twitter-Tool.debug.xcconfig */,
				694249B8A05815703139C557 /* Pods-Twitter-Tool.release.xcconfig */,
			);
			name = Pods;
			sourceTree = "<group>";
		};
		911864ED1DC06A3500F8942B = {
			isa = PBXGroup;
			children = (
				911864F81DC06A3500F8942B /* Twitter-Tool */,
				911864F71DC06A3500F8942B /* Products */,
				8D04D79C88CCCCBF7B2631BC /* Pods */,
				E5F5C91673A5F6A26CBFF85F /* Frameworks */,
			);
			sourceTree = "<group>";
		};
		911864F71DC06A3500F8942B /* Products */ = {
			isa = PBXGroup;
			children = (
				911864F61DC06A3500F8942B /* Twitter-Tool.app */,
			);
			name = Products;
			sourceTree = "<group>";
		};
		911864F81DC06A3500F8942B /* Twitter-Tool */ = {
			isa = PBXGroup;
			children = (
				918A413F1DCA96CA00A59B38 /* Views */,
				9136F55E1DC86980006F9B43 /* Twitter-Tool.entitlements */,
				9136F55B1DC831F8006F9B43 /* API */,
				9136F5561DC827B5006F9B43 /* Models */,
				91D583721DC06ECE00171C0E /* View Controllers */,
				911864F91DC06A3500F8942B /* AppDelegate.swift */,
				911864FD1DC06A3500F8942B /* Main.storyboard */,
				911865001DC06A3500F8942B /* Assets.xcassets */,
				911865021DC06A3500F8942B /* LaunchScreen.storyboard */,
				911865051DC06A3500F8942B /* Info.plist */,
			);
			path = "Twitter-Tool";
			sourceTree = "<group>";
		};
		9136F5561DC827B5006F9B43 /* Models */ = {
			isa = PBXGroup;
			children = (
				9136F5571DC82802006F9B43 /* User.swift */,
				9136F5591DC82B97006F9B43 /* Tweet.swift */,
			);
			name = Models;
			sourceTree = "<group>";
		};
		9136F55B1DC831F8006F9B43 /* API */ = {
			isa = PBXGroup;
			children = (
				9136F55C1DC8321A006F9B43 /* TwitterClient.swift */,
			);
			name = API;
			sourceTree = "<group>";
		};
		918A413F1DCA96CA00A59B38 /* Views */ = {
			isa = PBXGroup;
			children = (
				918A41401DCA96DB00A59B38 /* TweetCell.swift */,
				91A56D021DCEEE4700AC611E /* MenuCell.swift */,
			);
			name = Views;
			sourceTree = "<group>";
		};
		91D583721DC06ECE00171C0E /* View Controllers */ = {
			isa = PBXGroup;
			children = (
				91D583731DC06EF200171C0E /* LoginViewController.swift */,
				912499041DCA076100112028 /* TweetsViewController.swift */,
				91A2F3AD1DCAD8C9003B8240 /* TweetDetailViewController.swift */,
				91CD9C221DCB10AC006292DA /* ComposeViewController.swift */,
				91A56CF81DCEE89200AC611E /* HamburgerViewController.swift */,
				91A56CFA1DCEEB0000AC611E /* MenuViewController.swift */,
				91A56CFC1DCEEBC400AC611E /* ProfileViewController.swift */,
				91A56CFE1DCEEBD700AC611E /* MentionsViewController.swift */,
			);
			name = "View Controllers";
			sourceTree = "<group>";
		};
		E5F5C91673A5F6A26CBFF85F /* Frameworks */ = {
			isa = PBXGroup;
			children = (
				D0F621A9C05097AA84EC08A7 /* Pods_Twitter_Tool.framework */,
			);
			name = Frameworks;
			sourceTree = "<group>";
		};
/* End PBXGroup section */

/* Begin PBXNativeTarget section */
		911864F51DC06A3500F8942B /* Twitter-Tool */ = {
			isa = PBXNativeTarget;
			buildConfigurationList = 911865081DC06A3500F8942B /* Build configuration list for PBXNativeTarget "Twitter-Tool" */;
			buildPhases = (
				4AB6D1DF63CAC658E8871B22 /* [CP] Check Pods Manifest.lock */,
				911864F21DC06A3500F8942B /* Sources */,
				911864F31DC06A3500F8942B /* Frameworks */,
				911864F41DC06A3500F8942B /* Resources */,
				B92AB4B18CC71AA30CEDFD4F /* [CP] Embed Pods Frameworks */,
				342DC55B2F2BF510F7BC8003 /* [CP] Copy Pods Resources */,
				91D015681DC1BCA400B09C0F /* ShellScript */,
			);
			buildRules = (
			);
			dependencies = (
			);
			name = "Twitter-Tool";
			productName = "Twitter-Tool";
			productReference = 911864F61DC06A3500F8942B /* Twitter-Tool.app */;
			productType = "com.apple.product-type.application";
		};
/* End PBXNativeTarget section */

/* Begin PBXProject section */
		911864EE1DC06A3500F8942B /* Project object */ = {
			isa = PBXProject;
			attributes = {
				LastSwiftUpdateCheck = 0800;
				LastUpgradeCheck = 0810;
				ORGANIZATIONNAME = "Byron J. Williams";
				TargetAttributes = {
					911864F51DC06A3500F8942B = {
						CreatedOnToolsVersion = 8.0;
						DevelopmentTeam = HU42WP667T;
						ProvisioningStyle = Automatic;
						SystemCapabilities = {
							com.apple.Keychain = {
								enabled = 1;
							};
						};
					};
				};
			};
			buildConfigurationList = 911864F11DC06A3500F8942B /* Build configuration list for PBXProject "Twitter-Tool" */;
			compatibilityVersion = "Xcode 3.2";
			developmentRegion = English;
			hasScannedForEncodings = 0;
			knownRegions = (
				en,
				Base,
			);
			mainGroup = 911864ED1DC06A3500F8942B;
			productRefGroup = 911864F71DC06A3500F8942B /* Products */;
			projectDirPath = "";
			projectRoot = "";
			targets = (
				911864F51DC06A3500F8942B /* Twitter-Tool */,
			);
		};
/* End PBXProject section */

/* Begin PBXResourcesBuildPhase section */
		911864F41DC06A3500F8942B /* Resources */ = {
			isa = PBXResourcesBuildPhase;
			buildActionMask = 2147483647;
			files = (
				911865041DC06A3500F8942B /* LaunchScreen.storyboard in Resources */,
				911865011DC06A3500F8942B /* Assets.xcassets in Resources */,
				911864FF1DC06A3500F8942B /* Main.storyboard in Resources */,
			);
			runOnlyForDeploymentPostprocessing = 0;
		};
/* End PBXResourcesBuildPhase section */

/* Begin PBXShellScriptBuildPhase section */
		342DC55B2F2BF510F7BC8003 /* [CP] Copy Pods Resources */ = {
			isa = PBXShellScriptBuildPhase;
			buildActionMask = 2147483647;
			files = (
			);
			inputPaths = (
			);
			name = "[CP] Copy Pods Resources";
			outputPaths = (
			);
			runOnlyForDeploymentPostprocessing = 0;
			shellPath = /bin/sh;
			shellScript = "\"${SRCROOT}/Pods/Target Support Files/Pods-Twitter-Tool/Pods-Twitter-Tool-resources.sh\"\n";
			showEnvVarsInLog = 0;
		};
		4AB6D1DF63CAC658E8871B22 /* [CP] Check Pods Manifest.lock */ = {
			isa = PBXShellScriptBuildPhase;
			buildActionMask = 2147483647;
			files = (
			);
			inputPaths = (
			);
			name = "[CP] Check Pods Manifest.lock";
			outputPaths = (
			);
			runOnlyForDeploymentPostprocessing = 0;
			shellPath = /bin/sh;
			shellScript = "diff \"${PODS_ROOT}/../Podfile.lock\" \"${PODS_ROOT}/Manifest.lock\" > /dev/null\nif [ $? != 0 ] ; then\n    # print error to STDERR\n    echo \"error: The sandbox is not in sync with the Podfile.lock. Run 'pod install' or update your CocoaPods installation.\" >&2\n    exit 1\nfi\n";
			showEnvVarsInLog = 0;
		};
		91D015681DC1BCA400B09C0F /* ShellScript */ = {
			isa = PBXShellScriptBuildPhase;
			buildActionMask = 2147483647;
			files = (
			);
			inputPaths = (
			);
			outputPaths = (
			);
			runOnlyForDeploymentPostprocessing = 0;
			shellPath = /bin/sh;
			shellScript = "";
		};
		B92AB4B18CC71AA30CEDFD4F /* [CP] Embed Pods Frameworks */ = {
			isa = PBXShellScriptBuildPhase;
			buildActionMask = 2147483647;
			files = (
			);
			inputPaths = (
			);
			name = "[CP] Embed Pods Frameworks";
			outputPaths = (
			);
			runOnlyForDeploymentPostprocessing = 0;
			shellPath = /bin/sh;
			shellScript = "\"${SRCROOT}/Pods/Target Support Files/Pods-Twitter-Tool/Pods-Twitter-Tool-frameworks.sh\"\n";
			showEnvVarsInLog = 0;
		};
/* End PBXShellScriptBuildPhase section */

/* Begin PBXSourcesBuildPhase section */
		911864F21DC06A3500F8942B /* Sources */ = {
			isa = PBXSourcesBuildPhase;
			buildActionMask = 2147483647;
			files = (
				91A56D031DCEEE4700AC611E /* MenuCell.swift in Sources */,
				91CD9C231DCB10AC006292DA /* ComposeViewController.swift in Sources */,
				9136F5581DC82802006F9B43 /* User.swift in Sources */,
				918A41411DCA96DB00A59B38 /* TweetCell.swift in Sources */,
				9136F55A1DC82B97006F9B43 /* Tweet.swift in Sources */,
				91A56CFB1DCEEB0000AC611E /* MenuViewController.swift in Sources */,
				91A56CFF1DCEEBD700AC611E /* MentionsViewController.swift in Sources */,
				912499051DCA076100112028 /* TweetsViewController.swift in Sources */,
				91A56CFD1DCEEBC400AC611E /* ProfileViewController.swift in Sources */,
				91D583741DC06EF200171C0E /* LoginViewController.swift in Sources */,
				91A2F3AE1DCAD8C9003B8240 /* TweetDetailViewController.swift in Sources */,
				9136F55D1DC8321A006F9B43 /* TwitterClient.swift in Sources */,
				91A56CF91DCEE89200AC611E /* HamburgerViewController.swift in Sources */,
				911864FA1DC06A3500F8942B /* AppDelegate.swift in Sources */,
			);
			runOnlyForDeploymentPostprocessing = 0;
		};
/* End PBXSourcesBuildPhase section */

/* Begin PBXVariantGroup section */
		911864FD1DC06A3500F8942B /* Main.storyboard */ = {
			isa = PBXVariantGroup;
			children = (
				911864FE1DC06A3500F8942B /* Base */,
			);
			name = Main.storyboard;
			sourceTree = "<group>";
		};
		911865021DC06A3500F8942B /* LaunchScreen.storyboard */ = {
			isa = PBXVariantGroup;
			children = (
				911865031DC06A3500F8942B /* Base */,
			);
			name = LaunchScreen.storyboard;
			sourceTree = "<group>";
		};
/* End PBXVariantGroup section */

/* Begin XCBuildConfiguration section */
		911865061DC06A3500F8942B /* Debug */ = {
			isa = XCBuildConfiguration;
			buildSettings = {
				ALWAYS_SEARCH_USER_PATHS = NO;
				CLANG_ANALYZER_NONNULL = YES;
				CLANG_CXX_LANGUAGE_STANDARD = "gnu++0x";
				CLANG_CXX_LIBRARY = "libc++";
				CLANG_ENABLE_MODULES = YES;
				CLANG_ENABLE_OBJC_ARC = YES;
				CLANG_WARN_BOOL_CONVERSION = YES;
				CLANG_WARN_CONSTANT_CONVERSION = YES;
				CLANG_WARN_DIRECT_OBJC_ISA_USAGE = YES_ERROR;
				CLANG_WARN_DOCUMENTATION_COMMENTS = YES;
				CLANG_WARN_EMPTY_BODY = YES;
				CLANG_WARN_ENUM_CONVERSION = YES;
				CLANG_WARN_INFINITE_RECURSION = YES;
				CLANG_WARN_INT_CONVERSION = YES;
				CLANG_WARN_OBJC_ROOT_CLASS = YES_ERROR;
				CLANG_WARN_SUSPICIOUS_MOVE = YES;
				CLANG_WARN_SUSPICIOUS_MOVES = YES;
				CLANG_WARN_UNREACHABLE_CODE = YES;
				CLANG_WARN__DUPLICATE_METHOD_MATCH = YES;
				"CODE_SIGN_IDENTITY[sdk=iphoneos*]" = "iPhone Developer";
				COPY_PHASE_STRIP = NO;
				DEBUG_INFORMATION_FORMAT = dwarf;
				ENABLE_STRICT_OBJC_MSGSEND = YES;
				ENABLE_TESTABILITY = YES;
				GCC_C_LANGUAGE_STANDARD = gnu99;
				GCC_DYNAMIC_NO_PIC = NO;
				GCC_NO_COMMON_BLOCKS = YES;
				GCC_OPTIMIZATION_LEVEL = 0;
				GCC_PREPROCESSOR_DEFINITIONS = (
					"DEBUG=1",
					"$(inherited)",
				);
				GCC_WARN_64_TO_32_BIT_CONVERSION = YES;
				GCC_WARN_ABOUT_RETURN_TYPE = YES_ERROR;
				GCC_WARN_UNDECLARED_SELECTOR = YES;
				GCC_WARN_UNINITIALIZED_AUTOS = YES_AGGRESSIVE;
				GCC_WARN_UNUSED_FUNCTION = YES;
				GCC_WARN_UNUSED_VARIABLE = YES;
				IPHONEOS_DEPLOYMENT_TARGET = 10.0;
				MTL_ENABLE_DEBUG_INFO = YES;
				ONLY_ACTIVE_ARCH = YES;
				SDKROOT = iphoneos;
				SWIFT_ACTIVE_COMPILATION_CONDITIONS = DEBUG;
				SWIFT_OPTIMIZATION_LEVEL = "-Onone";
			};
			name = Debug;
		};
		911865071DC06A3500F8942B /* Release */ = {
			isa = XCBuildConfiguration;
			buildSettings = {
				ALWAYS_SEARCH_USER_PATHS = NO;
				CLANG_ANALYZER_NONNULL = YES;
				CLANG_CXX_LANGUAGE_STANDARD = "gnu++0x";
				CLANG_CXX_LIBRARY = "libc++";
				CLANG_ENABLE_MODULES = YES;
				CLANG_ENABLE_OBJC_ARC = YES;
				CLANG_WARN_BOOL_CONVERSION = YES;
				CLANG_WARN_CONSTANT_CONVERSION = YES;
				CLANG_WARN_DIRECT_OBJC_ISA_USAGE = YES_ERROR;
				CLANG_WARN_DOCUMENTATION_COMMENTS = YES;
				CLANG_WARN_EMPTY_BODY = YES;
				CLANG_WARN_ENUM_CONVERSION = YES;
				CLANG_WARN_INFINITE_RECURSION = YES;
				CLANG_WARN_INT_CONVERSION = YES;
				CLANG_WARN_OBJC_ROOT_CLASS = YES_ERROR;
				CLANG_WARN_SUSPICIOUS_MOVE = YES;
				CLANG_WARN_SUSPICIOUS_MOVES = YES;
				CLANG_WARN_UNREACHABLE_CODE = YES;
				CLANG_WARN__DUPLICATE_METHOD_MATCH = YES;
				"CODE_SIGN_IDENTITY[sdk=iphoneos*]" = "iPhone Developer";
				COPY_PHASE_STRIP = NO;
				DEBUG_INFORMATION_FORMAT = "dwarf-with-dsym";
				ENABLE_NS_ASSERTIONS = NO;
				ENABLE_STRICT_OBJC_MSGSEND = YES;
				GCC_C_LANGUAGE_STANDARD = gnu99;
				GCC_NO_COMMON_BLOCKS = YES;
				GCC_WARN_64_TO_32_BIT_CONVERSION = YES;
				GCC_WARN_ABOUT_RETURN_TYPE = YES_ERROR;
				GCC_WARN_UNDECLARED_SELECTOR = YES;
				GCC_WARN_UNINITIALIZED_AUTOS = YES_AGGRESSIVE;
				GCC_WARN_UNUSED_FUNCTION = YES;
				GCC_WARN_UNUSED_VARIABLE = YES;
				IPHONEOS_DEPLOYMENT_TARGET = 10.0;
				MTL_ENABLE_DEBUG_INFO = NO;
				SDKROOT = iphoneos;
				SWIFT_OPTIMIZATION_LEVEL = "-Owholemodule";
				VALIDATE_PRODUCT = YES;
			};
			name = Release;
		};
		911865091DC06A3500F8942B /* Debug */ = {
			isa = XCBuildConfiguration;
			baseConfigurationReference = 1A4A7EE251BFA4E2AF4D2240 /* Pods-Twitter-Tool.debug.xcconfig */;
			buildSettings = {
				ASSETCATALOG_COMPILER_APPICON_NAME = AppIcon;
				CODE_SIGN_ENTITLEMENTS = "Twitter-Tool/Twitter-Tool.entitlements";
				DEVELOPMENT_TEAM = HU42WP667T;
				INFOPLIST_FILE = "Twitter-Tool/Info.plist";
				LD_RUNPATH_SEARCH_PATHS = "$(inherited) @executable_path/Frameworks";
				PRODUCT_BUNDLE_IDENTIFIER = "com.drbyronw.Twitter-Tool";
				PRODUCT_NAME = "$(TARGET_NAME)";
				SWIFT_VERSION = 3.0;
			};
			name = Debug;
		};
		9118650A1DC06A3500F8942B /* Release */ = {
			isa = XCBuildConfiguration;
			baseConfigurationReference = 694249B8A05815703139C557 /* Pods-Twitter-Tool.release.xcconfig */;
			buildSettings = {
				ASSETCATALOG_COMPILER_APPICON_NAME = AppIcon;
				CODE_SIGN_ENTITLEMENTS = "Twitter-Tool/Twitter-Tool.entitlements";
				DEVELOPMENT_TEAM = HU42WP667T;
				INFOPLIST_FILE = "Twitter-Tool/Info.plist";
				LD_RUNPATH_SEARCH_PATHS = "$(inherited) @executable_path/Frameworks";
				PRODUCT_BUNDLE_IDENTIFIER = "com.drbyronw.Twitter-Tool";
				PRODUCT_NAME = "$(TARGET_NAME)";
				SWIFT_VERSION = 3.0;
			};
			name = Release;
		};
/* End XCBuildConfiguration section */

/* Begin XCConfigurationList section */
		911864F11DC06A3500F8942B /* Build configuration list for PBXProject "Twitter-Tool" */ = {
			isa = XCConfigurationList;
			buildConfigurations = (
				911865061DC06A3500F8942B /* Debug */,
				911865071DC06A3500F8942B /* Release */,
			);
			defaultConfigurationIsVisible = 0;
			defaultConfigurationName = Release;
		};
		911865081DC06A3500F8942B /* Build configuration list for PBXNativeTarget "Twitter-Tool" */ = {
			isa = XCConfigurationList;
			buildConfigurations = (
				911865091DC06A3500F8942B /* Debug */,
				9118650A1DC06A3500F8942B /* Release */,
			);
			defaultConfigurationIsVisible = 0;
			defaultConfigurationName = Release;
		};
/* End XCConfigurationList section */
	};
	rootObject = 911864EE1DC06A3500F8942B /* Project object */;
}
